
Microsoft Visual Studio Solution File, Format Version 12.00
# Visual Studio 14
VisualStudioVersion = 14.0.25420.1
MinimumVisualStudioVersion = 10.0.40219.1
Project("{FAE04EC0-301F-11D3-BF4B-00C04F79EFBC}") = "tableur de ryzom", "WindowsFormsApplication5\tableur de ryzom.csproj", "{59DA0592-1635-4603-B2DB-F821940AACB8}"
EndProject
Global
	GlobalSection(SolutionConfigurationPlatforms) = preSolution
		Debug|Any CPU = Debug|Any CPU
		Release|Any CPU = Release|Any CPU
	EndGlobalSection
	GlobalSection(ProjectConfigurationPlatforms) = postSolution
		{59DA0592-1635-4603-B2DB-F821940AACB8}.Debug|Any CPU.ActiveCfg = Debug|Any CPU
		{59DA0592-1635-4603-B2DB-F821940AACB8}.Debug|Any CPU.Build.0 = Debug|Any CPU
		{59DA0592-1635-4603-B2DB-F821940AACB8}.Release|Any CPU.ActiveCfg = Release|Any CPU
		{59DA0592-1635-4603-B2DB-F821940AACB8}.Release|Any CPU.Build.0 = Release|Any CPU
	EndGlobalSection
	GlobalSection(SolutionProperties) = preSolution
		HideSolutionNode = FALSE
	EndGlobalSection
EndGlobal
